
Microsoft Visual Studio Solution File, Format Version 12.00
# Visual Studio Version 16
VisualStudioVersion = 25.0.1706.4
MinimumVisualStudioVersion = 10.0.40219.1
Project("{FAE04EC0-301F-11D3-BF4B-00C04F79EFBC}") = "ControleFinanceiro.MAUI", "POC.MAUI\ControleFinanceiro.MAUI.csproj", "{9DCEAEDE-4612-4861-9068-117723AFA417}"
EndProject
Project("{FAE04EC0-301F-11D3-BF4B-00C04F79EFBC}") = "ControleFinanceiro.Domain", "ControleFinanceiro.Domain\ControleFinanceiro.Domain.csproj", "{143F84DE-DCE0-40CD-8C2A-54EE0CB9487F}"
EndProject
Project("{FAE04EC0-301F-11D3-BF4B-00C04F79EFBC}") = "ControleFinanceiro.Infra", "ControleFinanceiro.Infra\ControleFinanceiro.Infra.csproj", "{7CEB6FB5-FD4D-4A20-B8BF-E9D043658205}"
EndProject
Global
	GlobalSection(SolutionConfigurationPlatforms) = preSolution
		Debug|Any CPU = Debug|Any CPU
		Release|Any CPU = Release|Any CPU
	EndGlobalSection
	GlobalSection(ProjectConfigurationPlatforms) = postSolution
		{9DCEAEDE-4612-4861-9068-117723AFA417}.Debug|Any CPU.ActiveCfg = Debug|Any CPU
		{9DCEAEDE-4612-4861-9068-117723AFA417}.Debug|Any CPU.Build.0 = Debug|Any CPU
		{9DCEAEDE-4612-4861-9068-117723AFA417}.Release|Any CPU.ActiveCfg = Release|Any CPU
		{9DCEAEDE-4612-4861-9068-117723AFA417}.Release|Any CPU.Build.0 = Release|Any CPU
		{143F84DE-DCE0-40CD-8C2A-54EE0CB9487F}.Debug|Any CPU.ActiveCfg = Debug|Any CPU
		{143F84DE-DCE0-40CD-8C2A-54EE0CB9487F}.Debug|Any CPU.Build.0 = Debug|Any CPU
		{143F84DE-DCE0-40CD-8C2A-54EE0CB9487F}.Release|Any CPU.ActiveCfg = Release|Any CPU
		{143F84DE-DCE0-40CD-8C2A-54EE0CB9487F}.Release|Any CPU.Build.0 = Release|Any CPU
		{7CEB6FB5-FD4D-4A20-B8BF-E9D043658205}.Debug|Any CPU.ActiveCfg = Debug|Any CPU
		{7CEB6FB5-FD4D-4A20-B8BF-E9D043658205}.Debug|Any CPU.Build.0 = Debug|Any CPU
		{7CEB6FB5-FD4D-4A20-B8BF-E9D043658205}.Release|Any CPU.ActiveCfg = Release|Any CPU
		{7CEB6FB5-FD4D-4A20-B8BF-E9D043658205}.Release|Any CPU.Build.0 = Release|Any CPU
	EndGlobalSection
	GlobalSection(SolutionProperties) = preSolution
		HideSolutionNode = FALSE
	EndGlobalSection
	GlobalSection(ExtensibilityGlobals) = postSolution
		SolutionGuid = {8E653EF5-862C-41A3-8863-296883F9C5FC}
	EndGlobalSection
EndGlobal
